{
  "name": "@ecosyste-ms/critical",
  "version": "1.1.0",
  "lockfileVersion": 3,
  "requires": true,
  "packages": {
    "": {
      "name": "@ecosyste-ms/critical",
      "version": "1.1.0",
      "license": "CC-BY-SA-4.0",
      "bin": {
        "critical": "bin.js"
      },
      "engines": {
        "node": ">=22.5.0"
      }
    }
  }
}
